
Microsoft Visual Studio Solution File, Format Version 12.00
# Visual Studio Version 17
VisualStudioVersion = 17.2.32505.173
MinimumVisualStudioVersion = 10.0.40219.1
Project("{FAE04EC0-301F-11D3-BF4B-00C04F79EFBC}") = "ApsideBookingRoomApp.Server", "ApsideBookingRoomApp\Server\ApsideBookingRoomApp.Server.csproj", "{8694D44B-12EE-42B9-968F-A9DCFE985E21}"
EndProject
Project("{FAE04EC0-301F-11D3-BF4B-00C04F79EFBC}") = "ApsideBookingRoomApp.Client", "ApsideBookingRoomApp\Client\ApsideBookingRoomApp.Client.csproj", "{4480C675-A739-45D4-8DBE-87B02F1AC84E}"
EndProject
Project("{FAE04EC0-301F-11D3-BF4B-00C04F79EFBC}") = "ApsideBookingRoomApp.Shared", "ApsideBookingRoomApp\Shared\ApsideBookingRoomApp.Shared.csproj", "{4E823293-ABC3-4CA6-A77E-2F8403719BD1}"
EndProject
Global
	GlobalSection(SolutionConfigurationPlatforms) = preSolution
		Debug|Any CPU = Debug|Any CPU
		Release|Any CPU = Release|Any CPU
	EndGlobalSection
	GlobalSection(ProjectConfigurationPlatforms) = postSolution
		{8694D44B-12EE-42B9-968F-A9DCFE985E21}.Debug|Any CPU.ActiveCfg = Debug|Any CPU
		{8694D44B-12EE-42B9-968F-A9DCFE985E21}.Debug|Any CPU.Build.0 = Debug|Any CPU
		{8694D44B-12EE-42B9-968F-A9DCFE985E21}.Release|Any CPU.ActiveCfg = Release|Any CPU
		{8694D44B-12EE-42B9-968F-A9DCFE985E21}.Release|Any CPU.Build.0 = Release|Any CPU
		{4480C675-A739-45D4-8DBE-87B02F1AC84E}.Debug|Any CPU.ActiveCfg = Debug|Any CPU
		{4480C675-A739-45D4-8DBE-87B02F1AC84E}.Debug|Any CPU.Build.0 = Debug|Any CPU
		{4480C675-A739-45D4-8DBE-87B02F1AC84E}.Release|Any CPU.ActiveCfg = Release|Any CPU
		{4480C675-A739-45D4-8DBE-87B02F1AC84E}.Release|Any CPU.Build.0 = Release|Any CPU
		{4E823293-ABC3-4CA6-A77E-2F8403719BD1}.Debug|Any CPU.ActiveCfg = Debug|Any CPU
		{4E823293-ABC3-4CA6-A77E-2F8403719BD1}.Debug|Any CPU.Build.0 = Debug|Any CPU
		{4E823293-ABC3-4CA6-A77E-2F8403719BD1}.Release|Any CPU.ActiveCfg = Release|Any CPU
		{4E823293-ABC3-4CA6-A77E-2F8403719BD1}.Release|Any CPU.Build.0 = Release|Any CPU
	EndGlobalSection
	GlobalSection(SolutionProperties) = preSolution
		HideSolutionNode = FALSE
	EndGlobalSection
	GlobalSection(ExtensibilityGlobals) = postSolution
		SolutionGuid = {F370A0BA-DB22-4E20-983E-754900D1F2BD}
	EndGlobalSection
EndGlobal
