
Microsoft Visual Studio Solution File, Format Version 12.00
# Visual Studio Version 17
VisualStudioVersion = 17.2.32505.173
MinimumVisualStudioVersion = 10.0.40219.1
Project("{9A19103F-16F7-4668-BE54-9A1E7A4F7556}") = "ApsideBookingRoomApp.Server", "ApsideBookingRoomApp\Server\ApsideBookingRoomApp.Server.csproj", "{2F52E5EB-C0FB-4816-BED6-D9C4EB169B47}"
EndProject
Project("{9A19103F-16F7-4668-BE54-9A1E7A4F7556}") = "ApsideBookingRoomApp.Client", "ApsideBookingRoomApp\Client\ApsideBookingRoomApp.Client.csproj", "{B2D1DE0C-152D-4D3E-84BE-B5C3A9864D8F}"
EndProject
Project("{9A19103F-16F7-4668-BE54-9A1E7A4F7556}") = "ApsideBookingRoomApp.Shared", "ApsideBookingRoomApp\Shared\ApsideBookingRoomApp.Shared.csproj", "{D8ECE1C4-48A0-4418-877E-5C71457D240D}"
EndProject
Global
	GlobalSection(SolutionConfigurationPlatforms) = preSolution
		Debug|Any CPU = Debug|Any CPU
		Release|Any CPU = Release|Any CPU
	EndGlobalSection
	GlobalSection(ProjectConfigurationPlatforms) = postSolution
		{2F52E5EB-C0FB-4816-BED6-D9C4EB169B47}.Debug|Any CPU.ActiveCfg = Debug|Any CPU
		{2F52E5EB-C0FB-4816-BED6-D9C4EB169B47}.Debug|Any CPU.Build.0 = Debug|Any CPU
		{2F52E5EB-C0FB-4816-BED6-D9C4EB169B47}.Release|Any CPU.ActiveCfg = Release|Any CPU
		{2F52E5EB-C0FB-4816-BED6-D9C4EB169B47}.Release|Any CPU.Build.0 = Release|Any CPU
		{B2D1DE0C-152D-4D3E-84BE-B5C3A9864D8F}.Debug|Any CPU.ActiveCfg = Debug|Any CPU
		{B2D1DE0C-152D-4D3E-84BE-B5C3A9864D8F}.Debug|Any CPU.Build.0 = Debug|Any CPU
		{B2D1DE0C-152D-4D3E-84BE-B5C3A9864D8F}.Release|Any CPU.ActiveCfg = Release|Any CPU
		{B2D1DE0C-152D-4D3E-84BE-B5C3A9864D8F}.Release|Any CPU.Build.0 = Release|Any CPU
		{D8ECE1C4-48A0-4418-877E-5C71457D240D}.Debug|Any CPU.ActiveCfg = Debug|Any CPU
		{D8ECE1C4-48A0-4418-877E-5C71457D240D}.Debug|Any CPU.Build.0 = Debug|Any CPU
		{D8ECE1C4-48A0-4418-877E-5C71457D240D}.Release|Any CPU.ActiveCfg = Release|Any CPU
		{D8ECE1C4-48A0-4418-877E-5C71457D240D}.Release|Any CPU.Build.0 = Release|Any CPU
	EndGlobalSection
	GlobalSection(SolutionProperties) = preSolution
		HideSolutionNode = FALSE
	EndGlobalSection
	GlobalSection(ExtensibilityGlobals) = postSolution
		SolutionGuid = {CC39334D-A1A3-452F-B259-439CA1DD59DD}
	EndGlobalSection
EndGlobal
